
Microsoft Visual Studio Solution File, Format Version 12.00
# Visual Studio Version 17
VisualStudioVersion = 17.14.36121.58 d17.14
MinimumVisualStudioVersion = 10.0.40219.1
Project("{FAE04EC0-301F-11D3-BF4B-00C04F79EFBC}") = "ConstructorInheritanceApp", "ConstructorInheritanceApp\ConstructorInheritanceApp.csproj", "{BEEBF1DF-8FF0-416A-BEA7-1F63D04A5770}"
EndProject
Global
	GlobalSection(SolutionConfigurationPlatforms) = preSolution
		Debug|Any CPU = Debug|Any CPU
		Release|Any CPU = Release|Any CPU
	EndGlobalSection
	GlobalSection(ProjectConfigurationPlatforms) = postSolution
		{BEEBF1DF-8FF0-416A-BEA7-1F63D04A5770}.Debug|Any CPU.ActiveCfg = Debug|Any CPU
		{BEEBF1DF-8FF0-416A-BEA7-1F63D04A5770}.Debug|Any CPU.Build.0 = Debug|Any CPU
		{BEEBF1DF-8FF0-416A-BEA7-1F63D04A5770}.Release|Any CPU.ActiveCfg = Release|Any CPU
		{BEEBF1DF-8FF0-416A-BEA7-1F63D04A5770}.Release|Any CPU.Build.0 = Release|Any CPU
	EndGlobalSection
	GlobalSection(SolutionProperties) = preSolution
		HideSolutionNode = FALSE
	EndGlobalSection
	GlobalSection(ExtensibilityGlobals) = postSolution
		SolutionGuid = {CB4B49F0-542E-4702-ADA4-9DA17DBE4B39}
	EndGlobalSection
EndGlobal
