
Microsoft Visual Studio Solution File, Format Version 12.00
# Visual Studio Version 17
VisualStudioVersion = 17.14.36121.58 d17.14
MinimumVisualStudioVersion = 10.0.40219.1
Project("{FAE04EC0-301F-11D3-BF4B-00C04F79EFBC}") = "AccountPolyMorphsimApp", "AccountPolyMorphsimApp\AccountPolyMorphsimApp.csproj", "{82702746-A891-4928-A243-0FAD2A404A8A}"
EndProject
Global
	GlobalSection(SolutionConfigurationPlatforms) = preSolution
		Debug|Any CPU = Debug|Any CPU
		Release|Any CPU = Release|Any CPU
	EndGlobalSection
	GlobalSection(ProjectConfigurationPlatforms) = postSolution
		{82702746-A891-4928-A243-0FAD2A404A8A}.Debug|Any CPU.ActiveCfg = Debug|Any CPU
		{82702746-A891-4928-A243-0FAD2A404A8A}.Debug|Any CPU.Build.0 = Debug|Any CPU
		{82702746-A891-4928-A243-0FAD2A404A8A}.Release|Any CPU.ActiveCfg = Release|Any CPU
		{82702746-A891-4928-A243-0FAD2A404A8A}.Release|Any CPU.Build.0 = Release|Any CPU
	EndGlobalSection
	GlobalSection(SolutionProperties) = preSolution
		HideSolutionNode = FALSE
	EndGlobalSection
	GlobalSection(ExtensibilityGlobals) = postSolution
		SolutionGuid = {CA1F1EA0-3599-4681-97BB-30C274C9A4DF}
	EndGlobalSection
EndGlobal
