
Microsoft Visual Studio Solution File, Format Version 12.00
# Visual Studio Version 17
VisualStudioVersion = 17.14.36121.58 d17.14
MinimumVisualStudioVersion = 10.0.40219.1
Project("{FAE04EC0-301F-11D3-BF4B-00C04F79EFBC}") = "CustomerInheritanceApp", "CustomerInheritanceApp\CustomerInheritanceApp.csproj", "{52769854-E008-4722-9695-16D0631CB0BD}"
EndProject
Global
	GlobalSection(SolutionConfigurationPlatforms) = preSolution
		Debug|Any CPU = Debug|Any CPU
		Release|Any CPU = Release|Any CPU
	EndGlobalSection
	GlobalSection(ProjectConfigurationPlatforms) = postSolution
		{52769854-E008-4722-9695-16D0631CB0BD}.Debug|Any CPU.ActiveCfg = Debug|Any CPU
		{52769854-E008-4722-9695-16D0631CB0BD}.Debug|Any CPU.Build.0 = Debug|Any CPU
		{52769854-E008-4722-9695-16D0631CB0BD}.Release|Any CPU.ActiveCfg = Release|Any CPU
		{52769854-E008-4722-9695-16D0631CB0BD}.Release|Any CPU.Build.0 = Release|Any CPU
	EndGlobalSection
	GlobalSection(SolutionProperties) = preSolution
		HideSolutionNode = FALSE
	EndGlobalSection
	GlobalSection(ExtensibilityGlobals) = postSolution
		SolutionGuid = {A727EFD3-756F-4DA4-AFC7-5234B379B9AA}
	EndGlobalSection
EndGlobal
